
Microsoft Visual Studio Solution File, Format Version 12.00
# Visual Studio Version 17
VisualStudioVersion = 17.5.33516.290
MinimumVisualStudioVersion = 10.0.40219.1
Project("{FAE04EC0-301F-11D3-BF4B-00C04F79EFBC}") = "ChapeuSeletor", "ChapeuSeletor\ChapeuSeletor.csproj", "{590A3DC1-5C95-4A74-BC7F-FFDD613F2901}"
EndProject
Global
	GlobalSection(SolutionConfigurationPlatforms) = preSolution
		Debug|Any CPU = Debug|Any CPU
		Release|Any CPU = Release|Any CPU
	EndGlobalSection
	GlobalSection(ProjectConfigurationPlatforms) = postSolution
		{590A3DC1-5C95-4A74-BC7F-FFDD613F2901}.Debug|Any CPU.ActiveCfg = Debug|Any CPU
		{590A3DC1-5C95-4A74-BC7F-FFDD613F2901}.Debug|Any CPU.Build.0 = Debug|Any CPU
		{590A3DC1-5C95-4A74-BC7F-FFDD613F2901}.Release|Any CPU.ActiveCfg = Release|Any CPU
		{590A3DC1-5C95-4A74-BC7F-FFDD613F2901}.Release|Any CPU.Build.0 = Release|Any CPU
	EndGlobalSection
	GlobalSection(SolutionProperties) = preSolution
		HideSolutionNode = FALSE
	EndGlobalSection
	GlobalSection(ExtensibilityGlobals) = postSolution
		SolutionGuid = {8DA8344A-557D-498C-9E48-8B79EA8DDA32}
	EndGlobalSection
EndGlobal
